[[package]]
category = "dev"
description = "HTTP/2-based RPC framework"
name = "grpcio"
optional = false
python-versions = "*"
version = "1.23.0"

[package.dependencies]
six = ">=1.5.2"

[[package]]
category = "dev"
description = "Protobuf code generator for gRPC"
name = "grpcio-tools"
optional = false
python-versions = "*"
version = "1.23.0"

[package.dependencies]
grpcio = ">=1.23.0"
protobuf = ">=3.5.0.post1"

[[package]]
category = "main"
description = "Pure-Python gRPC implementation for asyncio"
name = "grpclib"
optional = false
python-versions = ">=3.6"
version = "0.3.0"

[package.dependencies]
h2 = "*"
multidict = "*"

[[package]]
category = "main"
description = "HTTP/2 State-Machine based protocol implementation"
name = "h2"
optional = false
python-versions = "*"
version = "3.1.1"

[package.dependencies]
hpack = ">=2.3,<4"
hyperframe = ">=5.2.0,<6"

[[package]]
category = "main"
description = "Pure-Python HPACK header compression"
name = "hpack"
optional = false
python-versions = "*"
version = "3.0.0"

[[package]]
category = "main"
description = "HTTP/2 framing layer for Python"
name = "hyperframe"
optional = false
python-versions = "*"
version = "5.2.0"

[[package]]
category = "main"
description = "multidict implementation"
name = "multidict"
optional = false
python-versions = ">=3.4.1"
version = "4.5.2"

[[package]]
category = "main"
description = "Protocol Buffers"
name = "protobuf"
optional = false
python-versions = "*"
version = "3.9.1"

[package.dependencies]
setuptools = "*"
six = ">=1.9"

[[package]]
category = "main"
description = "Python 2 and 3 compatibility utilities"
name = "six"
optional = false
python-versions = ">=2.6, !=3.0.*, !=3.1.*"
version = "1.12.0"

[metadata]
content-hash = "60f92e40fd07338fd2d70e53f30399c38ddcfa29a1e63c4b99ff21625f983a3b"
python-versions = "^3.7"

[metadata.hashes]
grpcio = ["1303578092f1f6e4bfbc354c04ac422856c393723d3ffa032fff0f7cb5cfd693", "229c6b313cd82bec8f979b059d87f03cc1a48939b543fe170b5a9c5cf6a6bc69", "3cd3d99a8b5568d0d186f9520c16121a0f2a4bcad8e2b9884b76fb88a85a7774", "41cfb222db358227521f9638a6fbc397f310042a4db5539a19dea01547c621cd", "43330501660f636fd6547d1e196e395cd1e2c2ae57d62219d6184a668ffebda0", "45d7a2bd8b4f25a013296683f4140d636cdbb507d94a382ea5029a21e76b1648", "47dc935658a13b25108823dabd010194ddea9610357c5c1ef1ad7b3f5157ebee", "480aa7e2b56238badce0b9413a96d5b4c90c3bfbd79eba5a0501e92328d9669e", "4a0934c8b0f97e1d8c18e76c45afc0d02d33ab03125258179f2ac6c7a13f3626", "5624dab19e950f99e560400c59d87b685809e4cfcb2c724103f1ab14c06071f7", "60515b1405bb3dadc55e6ca99429072dad3e736afcf5048db5452df5572231ff", "610f97ebae742a57d336a69b09a9c7d7de1f62aa54aaa8adc635b38f55ba4382", "64ea189b2b0859d1f7b411a09185028744d494ef09029630200cc892e366f169", "686090c6c1e09e4f49585b8508d0a31d58bc3895e4049ea55b197d1381e9f70f", "7745c365195bb0605e3d47b480a2a4d1baa8a41a5fd0a20de5fa48900e2c886a", "79491e0d2b77a1c438116bf9e5f9e2e04e78b78524615e2ce453eff62db59a09", "825177dd4c601c487836b7d6b4ba268db59787157911c623ba59a7c03c8d3adc", "8a060e1f72fb94eee8a035ed29f1201ce903ad14cbe27bda56b4a22a8abda045", "90168cc6353e2766e47b650c963f21cfff294654b10b3a14c67e26a4e3683634", "94b7742734bceeff6d8db5edb31ac844cb68fc7f13617eca859ff1b78bb20ba1", "962aebf2dd01bbb2cdb64580e61760f1afc470781f9ecd5fe8f3d8dcd8cf4556", "9c8d9eacdce840b72eee7924c752c31b675f8aec74790e08cff184a4ea8aa9c1", "af5b929debc336f6bab9b0da6915f9ee5e41444012aed6a79a3c7e80d7662fdf", "b9cdb87fc77e9a3eabdc42a512368538d648fa0760ad30cf97788076985c790a", "c5e6380b90b389454669dc67d0a39fb4dc166416e01308fcddd694236b8329ef", "d60c90fe2bfbee735397bf75a2f2c4e70c5deab51cd40c6e4fa98fae018c8db6", "d8582c8b1b1063249da1588854251d8a91df1e210a328aeb0ece39da2b2b763b", "ddbf86ba3aa0ad8fed2867910d2913ee237d55920b55f1d619049b3399f04efc", "e46bc0664c5c8a0545857aa7a096289f8db148e7f9cca2d0b760113e8994bddc", "f6437f70ec7fed0ca3a0eef1146591bb754b418bb6c6b21db74f0333d624e135", "f71693c3396530c6b00773b029ea85e59272557e9bd6077195a6593e4229892a", "f79f7455f8fbd43e8e9d61914ecf7f48ba1c8e271801996fef8d6a8f3cc9f39f"]
grpcio-tools = ["056f2a274edda4315e825ac2e3a9536f5415b43aa51669196860c8de6e76d847", "0c953251585fdcd422072e4b7f4243fce215f22e21db94ec83c5970e41db6e18", "142a73f5769f37bf2e4a8e4a77ef60f7af5f55635f60428322b49c87bd8f9cc0", "1b333e2a068d8ef89a01eb23a098d2a789659c3178de79da9bd3d0ffb944cc6d", "2124f19cc51d63405a0204ae38ef355732ab0a235975ab41ff6f6f9701905432", "24c3a04adfb6c6f1bc4a2f8498d7661ca296ae352b498e538832c22ddde7bf81", "3a2054e9640cbdd0ce8a345afb86be52875c5a8f9f5973a5c64791a8002da2dd", "3fd15a09eecef83440ac849dcda2ff522f8ee1603ebfcdbb0e9b320ef2012e41", "457e7a7dfa0b6bb608a766edba6f20c9d626a790df802016b930ad242fec4470", "49ad5661d54ff0d164e4b441ee5e05191187d497380afa16d36d72eb8ef048de", "561078e425d21a6720c3c3828385d949e24c0765e2852a46ecc3ad3fca2706e5", "5a4f65ab06b32dc34112ed114dee3b698c8463670474334ece5b0b531073804c", "8883e0e34676356d219a4cd37d239c3ead655cc550836236b52068e091416fff", "8d2b45b1faf81098780e07d6a1c207b328b07e913160b8baa7e2e8d89723e06c", "b0ebddb6ecc4c161369f93bb3a74c6120a498d3ddc759b64679709a885dd6d4f", "b786ba4842c50de865dd3885b5570690a743e84a327b7213dd440eb0e6b996f8", "be8efa010f5a80f1862ead80c3b19b5eb97dc954a0f59a1e2487078576105e03", "c29106eaff0e2e708a9a89628dc0134ef145d0d3631f0ef421c09f380c30e354", "c3c71236a056ec961b2b8b3b7c0b3b5a826283bc69c4a1c6415d23b70fea8243", "cbc35031ec2b29af36947d085a7fbbcd8b79b84d563adf6156103d82565f78db", "d47307c22744918e803c1eec7263a14f36aaf34fe496bff9ccbcae67c02b40ae", "db088c98e563c1bb070da5984c8df08b45b61e4d9c6d2a8a1ffeed2af89fd1f3", "df4dd1cb670062abdacc1fbce41cae4e08a4a212d28dd94fdbbf90615d027f73", "e3adcf1499ca08d1e036ff44aedf55ed78653d946f4c4426b6e72ab757cc4dec", "e3b3e32e0cda4dc382ec5bed8599dab644e4b3fc66a9ab54eb58248e207880b9", "ed524195b35304c670755efa1eca579e5c290a66981f97004a5b2c0d12d6897d", "edb42432790b1f8ec9f08faf9326d7e5dfe6e1d8c8fe4db39abc0a49c1c76537", "eff1f995e5aa4cc941b6bbc45b5b57842f8f62bbe1a99427281c2c70cf42312c", "f2fcdc2669662d77b400f80e20315a3661466e3cb3df1730f8083f9e49465cbc", "f52ec9926daf48f41389d39d01570967b99c7dbc12bffc134cc3a3c5b5540ba2", "fd007d67fdfbd2a13bf8a8c8ced8353b42a92ca72dbee54e951d8ddbc6ca12bc", "ff9045e928dbb7943ea8559bfabebee95a43a830e00bf52c16202d2d805780fb"]
grpclib = ["d19e2ea87cb073e5b0825dfee15336fd2b1c09278d271816e04c90faddc107ea"]
h2 = ["ac377fcf586314ef3177bfd90c12c7826ab0840edeb03f0f24f511858326049e", "b8a32bd282594424c0ac55845377eea13fa54fe4a8db012f3a198ed923dc3ab4"]
hpack = ["0edd79eda27a53ba5be2dfabf3b15780928a0dff6eb0c60a3d6767720e970c89", "8eec9c1f4bfae3408a3f30500261f7e6a65912dc138526ea054f9ad98892e9d2"]
hyperframe = ["5187962cb16dcc078f23cb5a4b110098d546c3f41ff2d4038a9896893bbd0b40", "a9f5c17f2cc3c719b917c4f33ed1c61bd1f8dfac4b1bd23b7c80b3400971b41f"]
multidict = ["024b8129695a952ebd93373e45b5d341dbb87c17ce49637b34000093f243dd4f", "041e9442b11409be5e4fc8b6a97e4bcead758ab1e11768d1e69160bdde18acc3", "045b4dd0e5f6121e6f314d81759abd2c257db4634260abcfe0d3f7083c4908ef", "047c0a04e382ef8bd74b0de01407e8d8632d7d1b4db6f2561106af812a68741b", "068167c2d7bbeebd359665ac4fff756be5ffac9cda02375b5c5a7c4777038e73", "148ff60e0fffa2f5fad2eb25aae7bef23d8f3b8bdaf947a65cdbe84a978092bc", "1d1c77013a259971a72ddaa83b9f42c80a93ff12df6a4723be99d858fa30bee3", "1d48bc124a6b7a55006d97917f695effa9725d05abe8ee78fd60d6588b8344cd", "31dfa2fc323097f8ad7acd41aa38d7c614dd1960ac6681745b6da124093dc351", "34f82db7f80c49f38b032c5abb605c458bac997a6c3142e0d6c130be6fb2b941", "3d5dd8e5998fb4ace04789d1d008e2bb532de501218519d70bb672c4c5a2fc5d", "4a6ae52bd3ee41ee0f3acf4c60ceb3f44e0e3bc52ab7da1c2b2aa6703363a3d1", "4b02a3b2a2f01d0490dd39321c74273fed0568568ea0e7ea23e02bd1fb10a10b", "4b843f8e1dd6a3195679d9838eb4670222e8b8d01bc36c9894d6c3538316fa0a", "5de53a28f40ef3c4fd57aeab6b590c2c663de87a5af76136ced519923d3efbb3", "61b2b33ede821b94fa99ce0b09c9ece049c7067a33b279f343adfe35108a4ea7", "6a3a9b0f45fd75dc05d8e93dc21b18fc1670135ec9544d1ad4acbcf6b86781d0", "76ad8e4c69dadbb31bad17c16baee61c0d1a4a73bed2590b741b2e1a46d3edd0", "7ba19b777dc00194d1b473180d4ca89a054dd18de27d0ee2e42a103ec9b7d014", "7c1b7eab7a49aa96f3db1f716f0113a8a2e93c7375dd3d5d21c4941f1405c9c5", "7fc0eee3046041387cbace9314926aa48b681202f8897f8bff3809967a049036", "8ccd1c5fff1aa1427100ce188557fc31f1e0a383ad8ec42c559aabd4ff08802d", "8e08dd76de80539d613654915a2f5196dbccc67448df291e69a88712ea21e24a", "c18498c50c59263841862ea0501da9f2b3659c00db54abfbf823a80787fde8ce", "c49db89d602c24928e68c0d510f4fcf8989d77defd01c973d6cbe27e684833b1", "ce20044d0317649ddbb4e54dab3c1bcc7483c78c27d3f58ab3d0c7e6bc60d26a", "d1071414dd06ca2eafa90c85a079169bfeb0e5f57fd0b45d44c092546fcd6fd9", "d3be11ac43ab1a3e979dac80843b42226d5d3cccd3986f2e03152720a4297cd7", "db603a1c235d110c860d5f39988ebc8218ee028f07a7cbc056ba6424372ca31b"]
protobuf = ["00a1b0b352dc7c809749526d1688a64b62ea400c5b05416f93cfb1b11a036295", "01acbca2d2c8c3f7f235f1842440adbe01bbc379fa1cbdd80753801432b3fae9", "0a795bca65987b62d6b8a2d934aa317fd1a4d06a6dd4df36312f5b0ade44a8d9", "0ec035114213b6d6e7713987a759d762dd94e9f82284515b3b7331f34bfaec7f", "31b18e1434b4907cb0113e7a372cd4d92c047ce7ba0fa7ea66a404d6388ed2c1", "32a3abf79b0bef073c70656e86d5bd68a28a1fbb138429912c4fc07b9d426b07", "55f85b7808766e5e3f526818f5e2aeb5ba2edcc45bcccede46a3ccc19b569cb0", "64ab9bc971989cbdd648c102a96253fdf0202b0c38f15bd34759a8707bdd5f64", "64cf847e843a465b6c1ba90fb6c7f7844d54dbe9eb731e86a60981d03f5b2e6e", "917c8662b585470e8fd42f052661fc66d59fccaae450a60044307dcbf82a3335", "afed9003d7f2be2c3df20f64220c30faec441073731511728a2cb4cab4cd46a6", "b883d7eb129b1b57c5128146bc7c2d1f15de457e96a549827fbee6f26eeedc46", "bf8e05d638b585d1752c5a84247134a0350d3a8b73d3632489a014a9f6f1e758", "d831b047bd69becaf64019a47179eb22118a50dd008340655266a906c69c6417", "de2760583ed28749ff885789c1cbc6c9c06d6de92fc825740ab99deb2f25ea4d", "eabc4cf1bc19689af8022ba52fd668564a8d96e0d08f3b4732d26a64255216a4", "fcff6086c86fb1628d94ea455c7b9de898afc50378042927a59df8065a79a549"]
six = ["3350809f0555b11f552448330d0b52d5f24c91a322ea4a15ef22629740f3761c", "d16a0141ec1a18405cd4ce8b4613101da75da0e9a7aec5bdd4fa804d0e0eba73"]
